
Microsoft Visual Studio Solution File, Format Version 12.00
# Visual Studio Version 16
VisualStudioVersion = 16.0.31702.278
MinimumVisualStudioVersion = 10.0.40219.1
Project("{9A19103F-16F7-4668-BE54-9A1E7A4F7556}") = "Calculator", "Calculator\Calculator.csproj", "{A27A19E7-7EFA-4B3C-9AC8-4A57C4D693E6}"
EndProject
Project("{9A19103F-16F7-4668-BE54-9A1E7A4F7556}") = "Bin2Dec", "Bin2Dec\Bin2Dec.csproj", "{F2B865F0-1555-4874-A04D-E7680D904B67}"
EndProject
Project("{9092AA53-FB77-4645-B42D-1CCCA6BD08BD}") = "Border-Radius-Previewer", "Border-Radius-Previewer\Border-Radius-Previewer.njsproj", "{5DBA8BF6-BAFA-465E-89C6-FCB32D16BC7B}"
EndProject
Global
	GlobalSection(SolutionConfigurationPlatforms) = preSolution
		Debug|Any CPU = Debug|Any CPU
		Release|Any CPU = Release|Any CPU
	EndGlobalSection
	GlobalSection(ProjectConfigurationPlatforms) = postSolution
		{A27A19E7-7EFA-4B3C-9AC8-4A57C4D693E6}.Debug|Any CPU.ActiveCfg = Debug|Any CPU
		{A27A19E7-7EFA-4B3C-9AC8-4A57C4D693E6}.Debug|Any CPU.Build.0 = Debug|Any CPU
		{A27A19E7-7EFA-4B3C-9AC8-4A57C4D693E6}.Release|Any CPU.ActiveCfg = Release|Any CPU
		{A27A19E7-7EFA-4B3C-9AC8-4A57C4D693E6}.Release|Any CPU.Build.0 = Release|Any CPU
		{F2B865F0-1555-4874-A04D-E7680D904B67}.Debug|Any CPU.ActiveCfg = Debug|Any CPU
		{F2B865F0-1555-4874-A04D-E7680D904B67}.Debug|Any CPU.Build.0 = Debug|Any CPU
		{F2B865F0-1555-4874-A04D-E7680D904B67}.Release|Any CPU.ActiveCfg = Release|Any CPU
		{F2B865F0-1555-4874-A04D-E7680D904B67}.Release|Any CPU.Build.0 = Release|Any CPU
		{5DBA8BF6-BAFA-465E-89C6-FCB32D16BC7B}.Debug|Any CPU.ActiveCfg = Debug|Any CPU
		{5DBA8BF6-BAFA-465E-89C6-FCB32D16BC7B}.Debug|Any CPU.Build.0 = Debug|Any CPU
		{5DBA8BF6-BAFA-465E-89C6-FCB32D16BC7B}.Release|Any CPU.ActiveCfg = Release|Any CPU
		{5DBA8BF6-BAFA-465E-89C6-FCB32D16BC7B}.Release|Any CPU.Build.0 = Release|Any CPU
	EndGlobalSection
	GlobalSection(SolutionProperties) = preSolution
		HideSolutionNode = FALSE
	EndGlobalSection
	GlobalSection(ExtensibilityGlobals) = postSolution
		SolutionGuid = {C1B3E2FB-7BC4-4946-9CC9-06B2AAB2D4D6}
	EndGlobalSection
EndGlobal
