
Microsoft Visual Studio Solution File, Format Version 12.00
# Visual Studio Version 16
VisualStudioVersion = 16.0.31702.278
MinimumVisualStudioVersion = 10.0.40219.1
Project("{9A19103F-16F7-4668-BE54-9A1E7A4F7556}") = "Calculator", "Calculator\Calculator.csproj", "{A27A19E7-7EFA-4B3C-9AC8-4A57C4D693E6}"
EndProject
Project("{9A19103F-16F7-4668-BE54-9A1E7A4F7556}") = "Bin2Dec", "Bin2Dec\Bin2Dec.csproj", "{F2B865F0-1555-4874-A04D-E7680D904B67}"
EndProject
Project("{9092AA53-FB77-4645-B42D-1CCCA6BD08BD}") = "Border-Radius-Previewer", "Border-Radius-Previewer\Border-Radius-Previewer.njsproj", "{5DBA8BF6-BAFA-465E-89C6-FCB32D16BC7B}"
EndProject
Project("{8BC9CEB8-8B4A-11D0-8D11-00A0C91BC942}") = "Christmas-Lights", "Christmas-Lights\Christmas-Lights.vcxproj", "{C5F80730-F44F-4478-BDAE-6634EFC2CA88}"
EndProject
Global
	GlobalSection(SolutionConfigurationPlatforms) = preSolution
		Debug|Any CPU = Debug|Any CPU
		Debug|x86 = Debug|x86
		Release|Any CPU = Release|Any CPU
		Release|x86 = Release|x86
	EndGlobalSection
	GlobalSection(ProjectConfigurationPlatforms) = postSolution
		{A27A19E7-7EFA-4B3C-9AC8-4A57C4D693E6}.Debug|Any CPU.ActiveCfg = Debug|Any CPU
		{A27A19E7-7EFA-4B3C-9AC8-4A57C4D693E6}.Debug|Any CPU.Build.0 = Debug|Any CPU
		{A27A19E7-7EFA-4B3C-9AC8-4A57C4D693E6}.Debug|x86.ActiveCfg = Debug|Any CPU
		{A27A19E7-7EFA-4B3C-9AC8-4A57C4D693E6}.Debug|x86.Build.0 = Debug|Any CPU
		{A27A19E7-7EFA-4B3C-9AC8-4A57C4D693E6}.Release|Any CPU.ActiveCfg = Release|Any CPU
		{A27A19E7-7EFA-4B3C-9AC8-4A57C4D693E6}.Release|Any CPU.Build.0 = Release|Any CPU
		{A27A19E7-7EFA-4B3C-9AC8-4A57C4D693E6}.Release|x86.ActiveCfg = Release|Any CPU
		{A27A19E7-7EFA-4B3C-9AC8-4A57C4D693E6}.Release|x86.Build.0 = Release|Any CPU
		{F2B865F0-1555-4874-A04D-E7680D904B67}.Debug|Any CPU.ActiveCfg = Debug|Any CPU
		{F2B865F0-1555-4874-A04D-E7680D904B67}.Debug|Any CPU.Build.0 = Debug|Any CPU
		{F2B865F0-1555-4874-A04D-E7680D904B67}.Debug|x86.ActiveCfg = Debug|Any CPU
		{F2B865F0-1555-4874-A04D-E7680D904B67}.Debug|x86.Build.0 = Debug|Any CPU
		{F2B865F0-1555-4874-A04D-E7680D904B67}.Release|Any CPU.ActiveCfg = Release|Any CPU
		{F2B865F0-1555-4874-A04D-E7680D904B67}.Release|Any CPU.Build.0 = Release|Any CPU
		{F2B865F0-1555-4874-A04D-E7680D904B67}.Release|x86.ActiveCfg = Release|Any CPU
		{F2B865F0-1555-4874-A04D-E7680D904B67}.Release|x86.Build.0 = Release|Any CPU
		{5DBA8BF6-BAFA-465E-89C6-FCB32D16BC7B}.Debug|Any CPU.ActiveCfg = Debug|Any CPU
		{5DBA8BF6-BAFA-465E-89C6-FCB32D16BC7B}.Debug|Any CPU.Build.0 = Debug|Any CPU
		{5DBA8BF6-BAFA-465E-89C6-FCB32D16BC7B}.Debug|x86.ActiveCfg = Debug|Any CPU
		{5DBA8BF6-BAFA-465E-89C6-FCB32D16BC7B}.Debug|x86.Build.0 = Debug|Any CPU
		{5DBA8BF6-BAFA-465E-89C6-FCB32D16BC7B}.Release|Any CPU.ActiveCfg = Release|Any CPU
		{5DBA8BF6-BAFA-465E-89C6-FCB32D16BC7B}.Release|Any CPU.Build.0 = Release|Any CPU
		{5DBA8BF6-BAFA-465E-89C6-FCB32D16BC7B}.Release|x86.ActiveCfg = Release|Any CPU
		{5DBA8BF6-BAFA-465E-89C6-FCB32D16BC7B}.Release|x86.Build.0 = Release|Any CPU
		{C5F80730-F44F-4478-BDAE-6634EFC2CA88}.Debug|Any CPU.ActiveCfg = Debug|Win32
		{C5F80730-F44F-4478-BDAE-6634EFC2CA88}.Debug|x86.ActiveCfg = Debug|Win32
		{C5F80730-F44F-4478-BDAE-6634EFC2CA88}.Debug|x86.Build.0 = Debug|Win32
		{C5F80730-F44F-4478-BDAE-6634EFC2CA88}.Release|Any CPU.ActiveCfg = Release|Win32
		{C5F80730-F44F-4478-BDAE-6634EFC2CA88}.Release|x86.ActiveCfg = Release|Win32
		{C5F80730-F44F-4478-BDAE-6634EFC2CA88}.Release|x86.Build.0 = Release|Win32
	EndGlobalSection
	GlobalSection(SolutionProperties) = preSolution
		HideSolutionNode = FALSE
	EndGlobalSection
	GlobalSection(ExtensibilityGlobals) = postSolution
		SolutionGuid = {C1B3E2FB-7BC4-4946-9CC9-06B2AAB2D4D6}
	EndGlobalSection
EndGlobal
